
Microsoft Visual Studio Solution File, Format Version 12.00
# Visual Studio Version 17
VisualStudioVersion = 17.5.33627.172
MinimumVisualStudioVersion = 10.0.40219.1
Project("{FAE04EC0-301F-11D3-BF4B-00C04F79EFBC}") = "CountCharactersTheHumble", "CountCharactersTheHumble\CountCharactersTheHumble.csproj", "{06E2C8EB-0301-4B24-B700-3D55D4B8721A}"
EndProject
Global
	GlobalSection(SolutionConfigurationPlatforms) = preSolution
		Debug|Any CPU = Debug|Any CPU
		Release|Any CPU = Release|Any CPU
	EndGlobalSection
	GlobalSection(ProjectConfigurationPlatforms) = postSolution
		{06E2C8EB-0301-4B24-B700-3D55D4B8721A}.Debug|Any CPU.ActiveCfg = Debug|Any CPU
		{06E2C8EB-0301-4B24-B700-3D55D4B8721A}.Debug|Any CPU.Build.0 = Debug|Any CPU
		{06E2C8EB-0301-4B24-B700-3D55D4B8721A}.Release|Any CPU.ActiveCfg = Release|Any CPU
		{06E2C8EB-0301-4B24-B700-3D55D4B8721A}.Release|Any CPU.Build.0 = Release|Any CPU
	EndGlobalSection
	GlobalSection(SolutionProperties) = preSolution
		HideSolutionNode = FALSE
	EndGlobalSection
	GlobalSection(ExtensibilityGlobals) = postSolution
		SolutionGuid = {6DF3E33B-DD9B-4CAD-9E86-40C37EE235A6}
	EndGlobalSection
EndGlobal
